
Microsoft Visual Studio Solution File, Format Version 12.00
# Visual Studio Version 17
VisualStudioVersion = 17.5.33312.197
MinimumVisualStudioVersion = 10.0.40219.1
Project("{FAE04EC0-301F-11D3-BF4B-00C04F79EFBC}") = "CoilWinderHelp.Web.Server", "CoilWinderHelp.Web\CoilWinderHelp.Web.Server\CoilWinderHelp.Web.Server.csproj", "{7D37CEE3-C035-4A58-92E6-192A37D4EE17}"
EndProject
Global
	GlobalSection(SolutionConfigurationPlatforms) = preSolution
		Debug|Any CPU = Debug|Any CPU
		Release|Any CPU = Release|Any CPU
	EndGlobalSection
	GlobalSection(ProjectConfigurationPlatforms) = postSolution
		{7D37CEE3-C035-4A58-92E6-192A37D4EE17}.Debug|Any CPU.ActiveCfg = Debug|Any CPU
		{7D37CEE3-C035-4A58-92E6-192A37D4EE17}.Debug|Any CPU.Build.0 = Debug|Any CPU
		{7D37CEE3-C035-4A58-92E6-192A37D4EE17}.Release|Any CPU.ActiveCfg = Release|Any CPU
		{7D37CEE3-C035-4A58-92E6-192A37D4EE17}.Release|Any CPU.Build.0 = Release|Any CPU
	EndGlobalSection
	GlobalSection(SolutionProperties) = preSolution
		HideSolutionNode = FALSE
	EndGlobalSection
	GlobalSection(ExtensibilityGlobals) = postSolution
		SolutionGuid = {3A534DDB-EEEB-41DB-B231-97C029E7F359}
	EndGlobalSection
EndGlobal
